Microsoft Visual Studio Solution File, Format Version 12.00
# Visual Studio 2012
Project("{FAE04EC0-301F-11D3-BF4B-00C04F79EFBC}") = "Multiplayer Sandbox Client", "Multiplayer Sandbox Client.csproj", "{A9875A54-A8BE-4439-ACA2-DBB84AA983B2}"
EndProject
Global
	GlobalSection(SolutionConfigurationPlatforms) = preSolution
	Debug|Any CPU = Debug|Any CPU
	ExportDebug|Any CPU = ExportDebug|Any CPU
	ExportRelease|Any CPU = ExportRelease|Any CPU
	EndGlobalSection
	GlobalSection(ProjectConfigurationPlatforms) = postSolution
		{A9875A54-A8BE-4439-ACA2-DBB84AA983B2}.Debug|Any CPU.ActiveCfg = Debug|Any CPU
		{A9875A54-A8BE-4439-ACA2-DBB84AA983B2}.Debug|Any CPU.Build.0 = Debug|Any CPU
		{A9875A54-A8BE-4439-ACA2-DBB84AA983B2}.ExportDebug|Any CPU.ActiveCfg = ExportDebug|Any CPU
		{A9875A54-A8BE-4439-ACA2-DBB84AA983B2}.ExportDebug|Any CPU.Build.0 = ExportDebug|Any CPU
		{A9875A54-A8BE-4439-ACA2-DBB84AA983B2}.ExportRelease|Any CPU.ActiveCfg = ExportRelease|Any CPU
		{A9875A54-A8BE-4439-ACA2-DBB84AA983B2}.ExportRelease|Any CPU.Build.0 = ExportRelease|Any CPU
	EndGlobalSection
EndGlobal
