Microsoft Visual Studio Solution File, Format Version 12.00
# Visual Studio 2012
Project("{FAE04EC0-301F-11D3-BF4B-00C04F79EFBC}") = "Multiplayer Sandbox Server", "Multiplayer Sandbox Server.csproj", "{1522DB8F-049A-40CA-999D-DD216AFBB41E}"
EndProject
Global
	GlobalSection(SolutionConfigurationPlatforms) = preSolution
	Debug|Any CPU = Debug|Any CPU
	ExportDebug|Any CPU = ExportDebug|Any CPU
	ExportRelease|Any CPU = ExportRelease|Any CPU
	EndGlobalSection
	GlobalSection(ProjectConfigurationPlatforms) = postSolution
		{1522DB8F-049A-40CA-999D-DD216AFBB41E}.Debug|Any CPU.ActiveCfg = Debug|Any CPU
		{1522DB8F-049A-40CA-999D-DD216AFBB41E}.Debug|Any CPU.Build.0 = Debug|Any CPU
		{1522DB8F-049A-40CA-999D-DD216AFBB41E}.ExportDebug|Any CPU.ActiveCfg = ExportDebug|Any CPU
		{1522DB8F-049A-40CA-999D-DD216AFBB41E}.ExportDebug|Any CPU.Build.0 = ExportDebug|Any CPU
		{1522DB8F-049A-40CA-999D-DD216AFBB41E}.ExportRelease|Any CPU.ActiveCfg = ExportRelease|Any CPU
		{1522DB8F-049A-40CA-999D-DD216AFBB41E}.ExportRelease|Any CPU.Build.0 = ExportRelease|Any CPU
	EndGlobalSection
EndGlobal
